
Microsoft Visual Studio Solution File, Format Version 12.00
# Visual Studio 15
VisualStudioVersion = 15.0.27703.1
MinimumVisualStudioVersion = 10.0.40219.1
Project("{8BC9CEB8-8B4A-11D0-8D11-00A0C91BC942}") = "EmbedResources", "EmbedResources\EmbedResources.vcxproj", "{CE6CE387-6829-4E31-976B-63AE8A3B1669}"
EndProject
Global
	GlobalSection(SolutionConfigurationPlatforms) = preSolution
		Debug|x64 = Debug|x64
		Debug|x86 = Debug|x86
		Release|x64 = Release|x64
		Release|x86 = Release|x86
	EndGlobalSection
	GlobalSection(ProjectConfigurationPlatforms) = postSolution
		{CE6CE387-6829-4E31-976B-63AE8A3B1669}.Debug|x64.ActiveCfg = Debug|x64
		{CE6CE387-6829-4E31-976B-63AE8A3B1669}.Debug|x64.Build.0 = Debug|x64
		{CE6CE387-6829-4E31-976B-63AE8A3B1669}.Debug|x86.ActiveCfg = Debug|Win32
		{CE6CE387-6829-4E31-976B-63AE8A3B1669}.Debug|x86.Build.0 = Debug|Win32
		{CE6CE387-6829-4E31-976B-63AE8A3B1669}.Release|x64.ActiveCfg = Release|x64
		{CE6CE387-6829-4E31-976B-63AE8A3B1669}.Release|x64.Build.0 = Release|x64
		{CE6CE387-6829-4E31-976B-63AE8A3B1669}.Release|x86.ActiveCfg = Release|Win32
		{CE6CE387-6829-4E31-976B-63AE8A3B1669}.Release|x86.Build.0 = Release|Win32
	EndGlobalSection
	GlobalSection(SolutionProperties) = preSolution
		HideSolutionNode = FALSE
	EndGlobalSection
	GlobalSection(ExtensibilityGlobals) = postSolution
		SolutionGuid = {F59567A4-A45E-4231-A265-0080D8486C46}
	EndGlobalSection
EndGlobal
